
Microsoft Visual Studio Solution File, Format Version 12.00
# Visual Studio 15
VisualStudioVersion = 15.0.28307.539
MinimumVisualStudioVersion = 10.0.40219.1
Project("{FAE04EC0-301F-11D3-BF4B-00C04F79EFBC}") = "App", "App\App.csproj", "{9B541E13-568F-429E-9917-ABDEA890E56D}"
EndProject
Project("{FAE04EC0-301F-11D3-BF4B-00C04F79EFBC}") = "Tests", "Tests\Tests.csproj", "{5F6239A4-D7D0-426E-995C-45C1501CF305}"
EndProject
Global
	GlobalSection(SolutionConfigurationPlatforms) = preSolution
		Debug|Any CPU = Debug|Any CPU
		Release|Any CPU = Release|Any CPU
	EndGlobalSection
	GlobalSection(ProjectConfigurationPlatforms) = postSolution
		{9B541E13-568F-429E-9917-ABDEA890E56D}.Debug|Any CPU.ActiveCfg = Debug|Any CPU
		{9B541E13-568F-429E-9917-ABDEA890E56D}.Debug|Any CPU.Build.0 = Debug|Any CPU
		{9B541E13-568F-429E-9917-ABDEA890E56D}.Release|Any CPU.ActiveCfg = Release|Any CPU
		{9B541E13-568F-429E-9917-ABDEA890E56D}.Release|Any CPU.Build.0 = Release|Any CPU
		{5F6239A4-D7D0-426E-995C-45C1501CF305}.Debug|Any CPU.ActiveCfg = Debug|Any CPU
		{5F6239A4-D7D0-426E-995C-45C1501CF305}.Debug|Any CPU.Build.0 = Debug|Any CPU
		{5F6239A4-D7D0-426E-995C-45C1501CF305}.Release|Any CPU.ActiveCfg = Release|Any CPU
		{5F6239A4-D7D0-426E-995C-45C1501CF305}.Release|Any CPU.Build.0 = Release|Any CPU
	EndGlobalSection
	GlobalSection(SolutionProperties) = preSolution
		HideSolutionNode = FALSE
	EndGlobalSection
	GlobalSection(ExtensibilityGlobals) = postSolution
		SolutionGuid = {C212D024-4F48-4D9E-AD55-334E7FD8918C}
	EndGlobalSection
EndGlobal
